<?xml version="1.0" encoding="utf-8"?>
<Project xmlns="http://schemas.microsoft.com/developer/msbuild/2003">
  <ItemGroup>
    <Filter Include="Form Files">
      <UniqueIdentifier>{99349809-55BA-4b9d-BF79-8FDBB0286EB3}</UniqueIdentifier>
      <Extensions>ui</Extensions>
      <ParseFiles>false</ParseFiles>
    </Filter>
    <Filter Include="Form Files">
      <UniqueIdentifier>{99349809-55BA-4b9d-BF79-8FDBB0286EB3}</UniqueIdentifier>
      <Extensions>ui</Extensions>
      <ParseFiles>false</ParseFiles>
    </Filter>
    <Filter Include="Generated Files">
      <UniqueIdentifier>{71ED8ED8-ACB9-4CE9-BBE1-E00B30144E11}</UniqueIdentifier>
      <Extensions>cpp;c;cxx;moc;h;def;odl;idl;res;</Extensions>
    </Filter>
    <Filter Include="Generated Files">
      <UniqueIdentifier>{71ED8ED8-ACB9-4CE9-BBE1-E00B30144E11}</UniqueIdentifier>
      <Extensions>cpp;c;cxx;moc;h;def;odl;idl;res;</Extensions>
    </Filter>
    <Filter Include="Header Files">
      <UniqueIdentifier>{93995380-89BD-4b04-88EB-625FBE52EBFB}</UniqueIdentifier>
      <Extensions>h;hpp;hxx;hm;inl;inc;xsd</Extensions>
    </Filter>
    <Filter Include="Header Files">
      <UniqueIdentifier>{93995380-89BD-4b04-88EB-625FBE52EBFB}</UniqueIdentifier>
      <Extensions>h;hpp;hxx;hm;inl;inc;xsd</Extensions>
    </Filter>
    <Filter Include="Source Files">
      <UniqueIdentifier>{4FC737F1-C7A5-4376-A066-2A32D752A2FF}</UniqueIdentifier>
      <Extensions>cpp;c;cxx;def;odl;idl;hpj;bat;asm;asmx</Extensions>
    </Filter>
    <Filter Include="Source Files">
      <UniqueIdentifier>{4FC737F1-C7A5-4376-A066-2A32D752A2FF}</UniqueIdentifier>
      <Extensions>cpp;c;cxx;def;odl;idl;hpj;bat;asm;asmx</Extensions>
    </Filter>
    <Filter Include="config files">
      <UniqueIdentifier>{0cddbfb8-a623-4677-a534-5bcc7a6b650f}</UniqueIdentifier>
    </Filter>
  </ItemGroup>
  <ItemGroup>
    <ClCompile Include="DatFile.cpp">
      <Filter>Source Files</Filter>
    </ClCompile>
    <ClCompile Include="exportIBW.cpp">
      <Filter>Source Files</Filter>
    </ClCompile>
    <ClCompile Include="helpers.cpp">
      <Filter>Source Files</Filter>
    </ClCompile>
    <ClCompile Include="hkTree.cpp">
      <Filter>Source Files</Filter>
    </ClCompile>
    <ClCompile Include="main.cpp">
      <Filter>Source Files</Filter>
    </ClCompile>
    <ClCompile Include="pmbrowserwindow.cpp">
      <Filter>Source Files</Filter>
    </ClCompile>
    <ClCompile Include="renderarea.cpp">
      <Filter>Source Files</Filter>
    </ClCompile>
    <ClCompile Include="DlgChoosePathAndPrefix.cpp">
      <Filter>Source Files</Filter>
    </ClCompile>
    <ClCompile Include="DlgTreeFilter.cpp">
      <Filter>Source Files</Filter>
    </ClCompile>
    <ClCompile Include="DlgGraphSettings.cpp">
      <Filter>Source Files</Filter>
    </ClCompile>
    <ClCompile Include="DisplayTrace.cpp">
      <Filter>Source Files</Filter>
    </ClCompile>
    <ClCompile Include="PMparameters.cpp">
      <Filter>Source Files</Filter>
    </ClCompile>
    <ClCompile Include="DlgSelectParameters.cpp">
      <Filter>Source Files</Filter>
    </ClCompile>
    <ClCompile Include="time_handling.cpp">
      <Filter>Source Files</Filter>
    </ClCompile>
    <ClCompile Include="igor_ipf.h">
      <Filter>Header Files</Filter>
    </ClCompile>
  </ItemGroup>
  <ItemGroup>
    <ClInclude Include="DatFile.h">
      <Filter>Header Files</Filter>
    </ClInclude>
    <ClInclude Include="Igor_IBW.h">
      <Filter>Header Files</Filter>
    </ClInclude>
    <ClInclude Include="exportIBW.h">
      <Filter>Header Files</Filter>
    </ClInclude>
    <ClInclude Include="helpers.h">
      <Filter>Header Files</Filter>
    </ClInclude>
    <ClInclude Include="hkTree.h">
      <Filter>Header Files</Filter>
    </ClInclude>
    <ClInclude Include="machineinfo.h">
      <Filter>Header Files</Filter>
    </ClInclude>
    <QtMoc Include="pmbrowserwindow.h">
      <Filter>Header Files</Filter>
    </QtMoc>
    <QtMoc Include="renderarea.h">
      <Filter>Header Files</Filter>
    </QtMoc>
    <ClInclude Include="resource.h">
      <Filter>Generated Files</Filter>
    </ClInclude>
    <ClInclude Include="DisplayTrace.h">
      <Filter>Header Files</Filter>
    </ClInclude>
    <ClInclude Include="PMparameters.h">
      <Filter>Header Files</Filter>
    </ClInclude>
    <ClInclude Include="time_handling.h">
      <Filter>Header Files</Filter>
    </ClInclude>
    <ClInclude Include="qstring_helper.h">
      <Filter>Header Files</Filter>
    </ClInclude>
  </ItemGroup>
  <ItemGroup>
    <CustomBuild Include="debug\moc_predefs.h.cbt">
      <Filter>Generated Files</Filter>
    </CustomBuild>
  </ItemGroup>
  <ItemGroup>
    <QtUic Include="pmbrowserwindow.ui">
      <Filter>Form Files</Filter>
    </QtUic>
    <QtUic Include="renderarea.ui">
      <Filter>Form Files</Filter>
    </QtUic>
    <QtUic Include="DlgChoosePathAndPrefix.ui">
      <Filter>Form Files</Filter>
    </QtUic>
    <QtUic Include="DlgTreeFilter.ui">
      <Filter>Form Files</Filter>
    </QtUic>
    <QtUic Include="DlgGraphSettings.ui">
      <Filter>Form Files</Filter>
    </QtUic>
    <QtUic Include="DlgSelectParameters.ui">
      <Filter>Form Files</Filter>
    </QtUic>
  </ItemGroup>
  <ItemGroup>
    <QtMoc Include="DlgChoosePathAndPrefix.h">
      <Filter>Header Files</Filter>
    </QtMoc>
    <QtMoc Include="DlgTreeFilter.h">
      <Filter>Header Files</Filter>
    </QtMoc>
    <QtMoc Include="DlgGraphSettings.h">
      <Filter>Header Files</Filter>
    </QtMoc>
    <QtMoc Include="DlgSelectParameters.h">
      <Filter>Header Files</Filter>
    </QtMoc>
  </ItemGroup>
  <ItemGroup>
    <None Include="QtPMbrowser.pri">
      <Filter>config files</Filter>
    </None>
    <None Include="QtPMbrowser.pro">
      <Filter>config files</Filter>
    </None>
  </ItemGroup>
  <ItemGroup>
    <ResourceCompile Include="QtPMbrowser.rc" />
  </ItemGroup>
  <ItemGroup>
    <Image Include="myappico.ico" />
  </ItemGroup>
  <ItemGroup>
    <QtRcc Include="QtPMbrowser.qrc">
      <Filter>Source Files</Filter>
    </QtRcc>
  </ItemGroup>
</Project>